{
  "originHash" : "d96bc0ebc2c466ad91b7c46524e1459bb3db8720c8a47dd6bc4970afa81c4b23",
  "pins" : [
    {
      "identity" : "swift-argument-parser",
      "kind" : "remoteSourceControl",
      "location" : "https://github.com/apple/swift-argument-parser",
      "state" : {
        "revision" : "41982a3656a71c768319979febd796c6fd111d5c",
        "version" : "1.5.0"
      }
    },
    {
      "identity" : "swiftsoup",
      "kind" : "remoteSourceControl",
      "location" : "https://github.com/scinfu/SwiftSoup.git",
      "state" : {
        "revision" : "3c2c7e1e72b8abd96eafbae80323c5c1e5317437",
        "version" : "2.7.5"
      }
    }
  ],
  "version" : 3
}
